PODS:
  - MustacheRxSwift (0.1.0):
    - MustacheServices
    - RxSwift
    - RxSwiftExt
  - MustacheServices (0.1.0):
    - SwiftKeychainWrapper
  - RxCocoa (4.5.0):
    - RxSwift (>= 4.4.2, ~> 4.4)
  - RxSwift (4.5.0)
  - RxSwiftExt (3.4.0):
    - RxSwiftExt/Core (= 3.4.0)
    - RxSwiftExt/RxCocoa (= 3.4.0)
  - RxSwiftExt/Core (3.4.0):
    - RxSwift (~> 4.0)
  - RxSwiftExt/RxCocoa (3.4.0):
    - RxCocoa (~> 4.0)
    - RxSwiftExt/Core
  - SwiftKeychainWrapper (3.2.0)

DEPENDENCIES:
  - MustacheRxSwift (from `../`)

SPEC REPOS:
  https://github.com/cocoapods/specs.git:
    - RxCocoa
    - RxSwift
    - RxSwiftExt
    - SwiftKeychainWrapper
  https://github.com/mustachedkdev/MustachePodSpec:
    - MustacheServices

EXTERNAL SOURCES:
  MustacheRxSwift:
    :path: "../"

SPEC CHECKSUMS:
  MustacheRxSwift: f8bcd5f577399a62de388b007ac25a882ce3c7b0
  MustacheServices: 0d39f68fd0b3f0d1312a8335fed3183a2d3fadc6
  RxCocoa: cbf70265dc65a981d4ac982e513c10cf23df24a0
  RxSwift: f172070dfd1a93d70a9ab97a5a01166206e1c575
  RxSwiftExt: 01f8ecbeeb355698e9c75365ebe908b00dacf45d
  SwiftKeychainWrapper: 82c4c02cdc36f9a24f7edfcaab3e336401caa1a1

PODFILE CHECKSUM: 585bf15fea5193d7759477b821b185d0ae92393f

COCOAPODS: 1.6.1
