{
  "object": {
    "pins": [
      {
        "package": "Kingfisher",
        "repositoryURL": "https://github.com/onevcat/Kingfisher.git",
        "state": {
          "branch": null,
          "revision": "1a0c2df04b31ed7aa318354f3583faea24f006fc",
          "version": "5.15.8"
        }
      },
      {
        "package": "MustacheFoundation",
        "repositoryURL": "https://github.com/mustachedk/MustacheFoundation",
        "state": {
          "branch": null,
          "revision": "2ba70102c04742687f96262da2d2297f487c3782",
          "version": "2.0.3"
        }
      },
      {
        "package": "MustacheServices",
        "repositoryURL": "https://github.com/mustachedk/MustacheServices",
        "state": {
          "branch": null,
          "revision": "323d22357bb67b320cbdf1863b8176de23f0ec5a",
          "version": "7.0.0"
        }
      },
      {
        "package": "MustacheUIKit",
        "repositoryURL": "https://github.com/mustachedk/MustacheUIKit",
        "state": {
          "branch": null,
          "revision": "a167d56a56234b59ea0a93f71ae5e2b054d6996c",
          "version": "5.0.0"
        }
      },
      {
        "package": "Resolver",
        "repositoryURL": "https://github.com/hmlongco/Resolver.git",
        "state": {
          "branch": null,
          "revision": "97de0b0320036607564af4a60025b48f8d041221",
          "version": "1.5.0"
        }
      },
      {
        "package": "RxSwift",
        "repositoryURL": "https://github.com/ReactiveX/RxSwift.git",
        "state": {
          "branch": null,
          "revision": "b4307ba0b6425c0ba4178e138799946c3da594f8",
          "version": "6.5.0"
        }
      },
      {
        "package": "RxSwiftExt",
        "repositoryURL": "https://github.com/RxSwiftCommunity/RxSwiftExt.git",
        "state": {
          "branch": null,
          "revision": "a42af9caeab63f2dbde318f1f3dc424f05871a37",
          "version": "6.1.0"
        }
      },
      {
        "package": "RxViewController",
        "repositoryURL": "https://github.com/mustachedk/RxViewController.git",
        "state": {
          "branch": null,
          "revision": "466f3c6ad437ffa7d264ef28d6ffa7a76b70e9de",
          "version": "2.0.1"
        }
      },
      {
        "package": "SnapKit",
        "repositoryURL": "https://github.com/SnapKit/SnapKit.git",
        "state": {
          "branch": null,
          "revision": "f222cbdf325885926566172f6f5f06af95473158",
          "version": "5.6.0"
        }
      }
    ]
  },
  "version": 1
}
